Microsoft Visual Studio Solution File, Format Version 12.00
# Visual Studio 2011
Project("{FAE04EC0-301F-11D3-BF4B-00C04F79EFBC}") = "Binarize.VS2012", "Binarize.VS2012.csproj", "{2B84F439-90E2-4F92-B8FB-FF7826C5B24C}"
EndProject
Global
	GlobalSection(SolutionConfigurationPlatforms) = preSolution
		Debug|Any CPU = Debug|Any CPU
		Release|Any CPU = Release|Any CPU
	EndGlobalSection
	GlobalSection(ProjectConfigurationPlatforms) = postSolution
		{2B84F439-90E2-4F92-B8FB-FF7826C5B24C}.Debug|Any CPU.ActiveCfg = Debug|Any CPU
		{2B84F439-90E2-4F92-B8FB-FF7826C5B24C}.Debug|Any CPU.Build.0 = Debug|Any CPU
		{2B84F439-90E2-4F92-B8FB-FF7826C5B24C}.Release|Any CPU.ActiveCfg = Release|Any CPU
		{2B84F439-90E2-4F92-B8FB-FF7826C5B24C}.Release|Any CPU.Build.0 = Release|Any CPU
	EndGlobalSection
	GlobalSection(SolutionProperties) = preSolution
		HideSolutionNode = FALSE
	EndGlobalSection
	GlobalSection(DPCodeReviewSolutionGUID) = preSolution
		DPCodeReviewSolutionGUID = {00000000-0000-0000-0000-000000000000}
	EndGlobalSection
EndGlobal
