Microsoft Visual Studio Solution File, Format Version 13.00
# Visual Studio 2013
Project("{F184B08F-C81C-45F6-A57F-5ABD9991F28F}") = "ColorProfiles.VS2013", "ColorProfiles.VS2013.vbproj", "{57691266-7B04-4160-A0B0-FD4AF9832AC1}"
EndProject
Global
	GlobalSection(SolutionConfigurationPlatforms) = preSolution
		Debug|Any CPU = Debug|Any CPU
		Release|Any CPU = Release|Any CPU
	EndGlobalSection
	GlobalSection(ProjectConfigurationPlatforms) = postSolution
		{57691266-7B04-4160-A0B0-FD4AF9832AC1}.Debug|Any CPU.ActiveCfg = Debug|Any CPU
		{57691266-7B04-4160-A0B0-FD4AF9832AC1}.Debug|Any CPU.Build.0 = Debug|Any CPU
		{57691266-7B04-4160-A0B0-FD4AF9832AC1}.Release|Any CPU.ActiveCfg = Release|Any CPU
		{57691266-7B04-4160-A0B0-FD4AF9832AC1}.Release|Any CPU.Build.0 = Release|Any CPU
	EndGlobalSection
	GlobalSection(SolutionProperties) = preSolution
		HideSolutionNode = FALSE
	EndGlobalSection
EndGlobal
