Microsoft Visual Studio Solution File, Format Version 14.00
# Visual Studio 2017
Project("{F184B08F-C81C-45F6-A57F-5ABD9991F28F}") = "TIFFTags.VS2017", "TIFFTags.VS2017.vbproj", "{821E7D7A-E023-4611-90AF-8F2075F2AD78}"
EndProject
Global
	GlobalSection(SolutionConfigurationPlatforms) = preSolution
		Debug|Any CPU = Debug|Any CPU
		Release|Any CPU = Release|Any CPU
	EndGlobalSection
	GlobalSection(ProjectConfigurationPlatforms) = postSolution
		{821E7D7A-E023-4611-90AF-8F2075F2AD78}.Debug|Any CPU.ActiveCfg = Debug|Any CPU
		{821E7D7A-E023-4611-90AF-8F2075F2AD78}.Debug|Any CPU.Build.0 = Debug|Any CPU
		{821E7D7A-E023-4611-90AF-8F2075F2AD78}.Release|Any CPU.ActiveCfg = Release|Any CPU
		{821E7D7A-E023-4611-90AF-8F2075F2AD78}.Release|Any CPU.Build.0 = Release|Any CPU
	EndGlobalSection
	GlobalSection(SolutionProperties) = preSolution
		HideSolutionNode = FALSE
	EndGlobalSection
EndGlobal
