Microsoft Visual Studio Solution File, Format Version 13.00
# Visual Studio 2013
Project("{FAE04EC0-301F-11D3-BF4B-00C04F79EFBC}") = "Buffering.VS2013", "Buffering.VS2013.csproj", "{ED3F6CA9-A3B7-48C1-86F4-DEDDC6BA60FC}"
EndProject
Global
	GlobalSection(SolutionConfigurationPlatforms) = preSolution
		Debug|Any CPU = Debug|Any CPU
		Release|Any CPU = Release|Any CPU
	EndGlobalSection
	GlobalSection(ProjectConfigurationPlatforms) = postSolution
		{ED3F6CA9-A3B7-48C1-86F4-DEDDC6BA60FC}.Debug|Any CPU.ActiveCfg = Debug|Any CPU
		{ED3F6CA9-A3B7-48C1-86F4-DEDDC6BA60FC}.Debug|Any CPU.Build.0 = Debug|Any CPU
		{ED3F6CA9-A3B7-48C1-86F4-DEDDC6BA60FC}.Release|Any CPU.ActiveCfg = Release|Any CPU
		{ED3F6CA9-A3B7-48C1-86F4-DEDDC6BA60FC}.Release|Any CPU.Build.0 = Release|Any CPU
	EndGlobalSection
	GlobalSection(SolutionProperties) = preSolution
		HideSolutionNode = FALSE
	EndGlobalSection
EndGlobal
