Microsoft Visual Studio Solution File, Format Version 14.00
# Visual Studio 2017
Project("{F184B08F-C81C-45F6-A57F-5ABD9991F28F}") = "Print.VS2017", "Print.VS2017.vbproj", "{BC4FD1B7-E377-406B-9F0E-7CF3E5DD1E95}"
EndProject
Global
	GlobalSection(SolutionConfigurationPlatforms) = preSolution
		Debug|Any CPU = Debug|Any CPU
		Release|Any CPU = Release|Any CPU
	EndGlobalSection
	GlobalSection(ProjectConfigurationPlatforms) = postSolution
		{BC4FD1B7-E377-406B-9F0E-7CF3E5DD1E95}.Debug|Any CPU.ActiveCfg = Debug|Any CPU
		{BC4FD1B7-E377-406B-9F0E-7CF3E5DD1E95}.Debug|Any CPU.Build.0 = Debug|Any CPU
		{BC4FD1B7-E377-406B-9F0E-7CF3E5DD1E95}.Release|Any CPU.ActiveCfg = Release|Any CPU
		{BC4FD1B7-E377-406B-9F0E-7CF3E5DD1E95}.Release|Any CPU.Build.0 = Release|Any CPU
	EndGlobalSection
	GlobalSection(SolutionProperties) = preSolution
		HideSolutionNode = FALSE
	EndGlobalSection
EndGlobal
